// !$*UTF8*$!
{
	archiveVersion = 1;
	classes = {
	};
	objectVersion = 56;
	objects = {

/* Begin PBXBuildFile section */
		71FC100529FD789100DDF9C2 /* App_HApp.swift in Sources */ = {isa = PBXBuildFile; fileRef = 71FC100429FD789100DDF9C2 /* App_HApp.swift */; };
		71FC100729FD789100DDF9C2 /* AuthenticationView.swift in Sources */ = {isa = PBXBuildFile; fileRef = 71FC100629FD789100DDF9C2 /* AuthenticationView.swift */; };
		71FC100929FD789300DDF9C2 /* Assets.xcassets in Resources */ = {isa = PBXBuildFile; fileRef = 71FC100829FD789300DDF9C2 /* Assets.xcassets */; };
		71FC100C29FD789300DDF9C2 /* Preview Assets.xcassets in Resources */ = {isa = PBXBuildFile; fileRef = 71FC100B29FD789300DDF9C2 /* Preview Assets.xcassets */; };
		71FC101629FD789300DDF9C2 /* App_HTests.swift in Sources */ = {isa = PBXBuildFile; fileRef = 71FC101529FD789300DDF9C2 /* App_HTests.swift */; };
		71FC102029FD789300DDF9C2 /* App_HUITests.swift in Sources */ = {isa = PBXBuildFile; fileRef = 71FC101F29FD789300DDF9C2 /* App_HUITests.swift */; };
		71FC102229FD789300DDF9C2 /* App_HUITestsLaunchTests.swift in Sources */ = {isa = PBXBuildFile; fileRef = 71FC102129FD789300DDF9C2 /* App_HUITestsLaunchTests.swift */; };
		71FC103129FD99CD00DDF9C2 /* newPass.swift in Sources */ = {isa = PBXBuildFile; fileRef = 71FC103029FD99CD00DDF9C2 /* newPass.swift */; };
		71FC103329FD9E0D00DDF9C2 /* MapView.swift in Sources */ = {isa = PBXBuildFile; fileRef = 71FC103229FD9E0D00DDF9C2 /* MapView.swift */; };
		71FC103529FDE61200DDF9C2 /* PerfilView.swift in Sources */ = {isa = PBXBuildFile; fileRef = 71FC103429FDE61200DDF9C2 /* PerfilView.swift */; };
		71FC103729FDF49700DDF9C2 /* ZonasView.swift in Sources */ = {isa = PBXBuildFile; fileRef = 71FC103629FDF49700DDF9C2 /* ZonasView.swift */; };
		71FC103929FE04DA00DDF9C2 /* ZonasModel.swift in Sources */ = {isa = PBXBuildFile; fileRef = 71FC103829FE04DA00DDF9C2 /* ZonasModel.swift */; };
		71FC103B29FE092400DDF9C2 /* DataPersistance.swift in Sources */ = {isa = PBXBuildFile; fileRef = 71FC103A29FE092400DDF9C2 /* DataPersistance.swift */; };
		71FC103D29FEE3AD00DDF9C2 /* MapViewBueno.swift in Sources */ = {isa = PBXBuildFile; fileRef = 71FC103C29FEE3AD00DDF9C2 /* MapViewBueno.swift */; };
		71FC103F29FF146A00DDF9C2 /* LocationView.swift in Sources */ = {isa = PBXBuildFile; fileRef = 71FC103E29FF146A00DDF9C2 /* LocationView.swift */; };
		8E3C8CBD29FDEB2700B7006E /* FirebaseDatabase in Frameworks */ = {isa = PBXBuildFile; productRef = 8E3C8CBC29FDEB2700B7006E /* FirebaseDatabase */; };
		8E3C8CF32A1D981B00B7006E /* API.swift in Sources */ = {isa = PBXBuildFile; fileRef = 8E3C8CF22A1D981B00B7006E /* API.swift */; };
		8E3C8CF52A1D987400B7006E /* MapViewBueno2.swift in Sources */ = {isa = PBXBuildFile; fileRef = 8E3C8CF42A1D987400B7006E /* MapViewBueno2.swift */; };
		8E3C8CF72A1D98EA00B7006E /* BuscadorView.swift in Sources */ = {isa = PBXBuildFile; fileRef = 8E3C8CF62A1D98EA00B7006E /* BuscadorView.swift */; };
		8E3EC98929FD81860086FFBA /* RegisterEmailView.swift in Sources */ = {isa = PBXBuildFile; fileRef = 8E3EC98829FD81860086FFBA /* RegisterEmailView.swift */; };
		8E3EC98B29FD81A70086FFBA /* LoginEmailView.swift in Sources */ = {isa = PBXBuildFile; fileRef = 8E3EC98A29FD81A70086FFBA /* LoginEmailView.swift */; };
		8E3EC98D29FD81CE0086FFBA /* DismissView.swift in Sources */ = {isa = PBXBuildFile; fileRef = 8E3EC98C29FD81CE0086FFBA /* DismissView.swift */; };
		8E3EC99529FD89370086FFBA /* FirebaseAnalytics in Frameworks */ = {isa = PBXBuildFile; productRef = 8E3EC99429FD89370086FFBA /* FirebaseAnalytics */; };
		8E3EC99729FD89380086FFBA /* FirebaseAnalyticsSwift in Frameworks */ = {isa = PBXBuildFile; productRef = 8E3EC99629FD89380086FFBA /* FirebaseAnalyticsSwift */; };
		8E3EC99929FD89A90086FFBA /* GoogleService-Info.plist in Resources */ = {isa = PBXBuildFile; fileRef = 8E3EC99829FD89A90086FFBA /* GoogleService-Info.plist */; };
		8E3EC99C29FD8C8D0086FFBA /* FirebaseAuth in Frameworks */ = {isa = PBXBuildFile; productRef = 8E3EC99B29FD8C8D0086FFBA /* FirebaseAuth */; };
		8E3EC99E29FD8D200086FFBA /* AuthenticationFirebaseDatasource.swift in Sources */ = {isa = PBXBuildFile; fileRef = 8E3EC99D29FD8D200086FFBA /* AuthenticationFirebaseDatasource.swift */; };
		8E3EC9A029FD8E6D0086FFBA /* AuthenticationRepository.swift in Sources */ = {isa = PBXBuildFile; fileRef = 8E3EC99F29FD8E6D0086FFBA /* AuthenticationRepository.swift */; };
		8E3EC9A229FD8ECC0086FFBA /* AuthenticationViewModel.swift in Sources */ = {isa = PBXBuildFile; fileRef = 8E3EC9A129FD8ECB0086FFBA /* AuthenticationViewModel.swift */; };
		FE51821A29FDA82F00EB99C2 /* LocationManager.swift in Sources */ = {isa = PBXBuildFile; fileRef = FE51821929FDA82F00EB99C2 /* LocationManager.swift */; };
/* End PBXBuildFile section */

/* Begin PBXContainerItemProxy section */
		71FC101229FD789300DDF9C2 /* PBXContainerItemProxy */ = {
			isa = PBXContainerItemProxy;
			containerPortal = 71FC0FF929FD789100DDF9C2 /* Project object */;
			proxyType = 1;
			remoteGlobalIDString = 71FC100029FD789100DDF9C2;
			remoteInfo = App_H;
		};
		71FC101C29FD789300DDF9C2 /* PBXContainerItemProxy */ = {
			isa = PBXContainerItemProxy;
			containerPortal = 71FC0FF929FD789100DDF9C2 /* Project object */;
			proxyType = 1;
			remoteGlobalIDString = 71FC100029FD789100DDF9C2;
			remoteInfo = App_H;
		};
/* End PBXContainerItemProxy section */

/* Begin PBXFileReference section */
		71FC100129FD789100DDF9C2 /* App_H.app */ = {isa = PBXFileReference; explicitFileType = wrapper.application; includeInIndex = 0; path = App_H.app; sourceTree = BUILT_PRODUCTS_DIR; };
		71FC100429FD789100DDF9C2 /* App_HApp.swift */ = {isa = PBXFileReference; lastKnownFileType = sourcecode.swift; path = App_HApp.swift; sourceTree = "<group>"; };
		71FC100629FD789100DDF9C2 /* AuthenticationView.swift */ = {isa = PBXFileReference; lastKnownFileType = sourcecode.swift; path = AuthenticationView.swift; sourceTree = "<group>"; };
		71FC100829FD789300DDF9C2 /* Assets.xcassets */ = {isa = PBXFileReference; lastKnownFileType = folder.assetcatalog; path = Assets.xcassets; sourceTree = "<group>"; };
		71FC100B29FD789300DDF9C2 /* Preview Assets.xcassets */ = {isa = PBXFileReference; lastKnownFileType = folder.assetcatalog; path = "Preview Assets.xcassets"; sourceTree = "<group>"; };
		71FC101129FD789300DDF9C2 /* App_HTests.xctest */ = {isa = PBXFileReference; explicitFileType = wrapper.cfbundle; includeInIndex = 0; path = App_HTests.xctest; sourceTree = BUILT_PRODUCTS_DIR; };
		71FC101529FD789300DDF9C2 /* App_HTests.swift */ = {isa = PBXFileReference; lastKnownFileType = sourcecode.swift; path = App_HTests.swift; sourceTree = "<group>"; };
		71FC101B29FD789300DDF9C2 /* App_HUITests.xctest */ = {isa = PBXFileReference; explicitFileType = wrapper.cfbundle; includeInIndex = 0; path = App_HUITests.xctest; sourceTree = BUILT_PRODUCTS_DIR; };
		71FC101F29FD789300DDF9C2 /* App_HUITests.swift */ = {isa = PBXFileReference; lastKnownFileType = sourcecode.swift; path = App_HUITests.swift; sourceTree = "<group>"; };
		71FC102129FD789300DDF9C2 /* App_HUITestsLaunchTests.swift */ = {isa = PBXFileReference; lastKnownFileType = sourcecode.swift; path = App_HUITestsLaunchTests.swift; sourceTree = "<group>"; };
		71FC103029FD99CD00DDF9C2 /* newPass.swift */ = {isa = PBXFileReference; lastKnownFileType = sourcecode.swift; path = newPass.swift; sourceTree = "<group>"; };
		71FC103229FD9E0D00DDF9C2 /* MapView.swift */ = {isa = PBXFileReference; lastKnownFileType = sourcecode.swift; path = MapView.swift; sourceTree = "<group>"; };
		71FC103429FDE61200DDF9C2 /* PerfilView.swift */ = {isa = PBXFileReference; lastKnownFileType = sourcecode.swift; path = PerfilView.swift; sourceTree = "<group>"; };
		71FC103629FDF49700DDF9C2 /* ZonasView.swift */ = {isa = PBXFileReference; lastKnownFileType = sourcecode.swift; path = ZonasView.swift; sourceTree = "<group>"; };
		71FC103829FE04DA00DDF9C2 /* ZonasModel.swift */ = {isa = PBXFileReference; lastKnownFileType = sourcecode.swift; path = ZonasModel.swift; sourceTree = "<group>"; };
		71FC103A29FE092400DDF9C2 /* DataPersistance.swift */ = {isa = PBXFileReference; lastKnownFileType = sourcecode.swift; path = DataPersistance.swift; sourceTree = "<group>"; };
		71FC103C29FEE3AD00DDF9C2 /* MapViewBueno.swift */ = {isa = PBXFileReference; lastKnownFileType = sourcecode.swift; path = MapViewBueno.swift; sourceTree = "<group>"; };
		71FC103E29FF146A00DDF9C2 /* LocationView.swift */ = {isa = PBXFileReference; lastKnownFileType = sourcecode.swift; path = LocationView.swift; sourceTree = "<group>"; };
		8E3C8CF22A1D981B00B7006E /* API.swift */ = {isa = PBXFileReference; lastKnownFileType = sourcecode.swift; path = API.swift; sourceTree = "<group>"; };
		8E3C8CF42A1D987400B7006E /* MapViewBueno2.swift */ = {isa = PBXFileReference; lastKnownFileType = sourcecode.swift; path = MapViewBueno2.swift; sourceTree = "<group>"; };
		8E3C8CF62A1D98EA00B7006E /* BuscadorView.swift */ = {isa = PBXFileReference; lastKnownFileType = sourcecode.swift; path = BuscadorView.swift; sourceTree = "<group>"; };
		8E3EC98829FD81860086FFBA /* RegisterEmailView.swift */ = {isa = PBXFileReference; lastKnownFileType = sourcecode.swift; path = RegisterEmailView.swift; sourceTree = "<group>"; };
		8E3EC98A29FD81A70086FFBA /* LoginEmailView.swift */ = {isa = PBXFileReference; lastKnownFileType = sourcecode.swift; path = LoginEmailView.swift; sourceTree = "<group>"; };
		8E3EC98C29FD81CE0086FFBA /* DismissView.swift */ = {isa = PBXFileReference; lastKnownFileType = sourcecode.swift; path = DismissView.swift; sourceTree = "<group>"; };
		8E3EC99829FD89A90086FFBA /* GoogleService-Info.plist */ = {isa = PBXFileReference; fileEncoding = 4; lastKnownFileType = text.plist.xml; path = "GoogleService-Info.plist"; sourceTree = "<group>"; };
		8E3EC99D29FD8D200086FFBA /* AuthenticationFirebaseDatasource.swift */ = {isa = PBXFileReference; lastKnownFileType = sourcecode.swift; path = AuthenticationFirebaseDatasource.swift; sourceTree = "<group>"; };
		8E3EC99F29FD8E6D0086FFBA /* AuthenticationRepository.swift */ = {isa = PBXFileReference; lastKnownFileType = sourcecode.swift; path = AuthenticationRepository.swift; sourceTree = "<group>"; };
		8E3EC9A129FD8ECB0086FFBA /* AuthenticationViewModel.swift */ = {isa = PBXFileReference; lastKnownFileType = sourcecode.swift; path = AuthenticationViewModel.swift; sourceTree = "<group>"; };
		FE51821929FDA82F00EB99C2 /* LocationManager.swift */ = {isa = PBXFileReference; lastKnownFileType = sourcecode.swift; path = LocationManager.swift; sourceTree = "<group>"; };
/* End PBXFileReference section */

/* Begin PBXFrameworksBuildPhase section */
		71FC0FFE29FD789100DDF9C2 /* Frameworks */ = {
			isa = PBXFrameworksBuildPhase;
			buildActionMask = 2147483647;
			files = (
				8E3EC99729FD89380086FFBA /* FirebaseAnalyticsSwift in Frameworks */,
				8E3EC99C29FD8C8D0086FFBA /* FirebaseAuth in Frameworks */,
				8E3C8CBD29FDEB2700B7006E /* FirebaseDatabase in Frameworks */,
				8E3EC99529FD89370086FFBA /* FirebaseAnalytics in Frameworks */,
			);
			runOnlyForDeploymentPostprocessing = 0;
		};
		71FC100E29FD789300DDF9C2 /* Frameworks */ = {
			isa = PBXFrameworksBuildPhase;
			buildActionMask = 2147483647;
			files = (
			);
			runOnlyForDeploymentPostprocessing = 0;
		};
		71FC101829FD789300DDF9C2 /* Frameworks */ = {
			isa = PBXFrameworksBuildPhase;
			buildActionMask = 2147483647;
			files = (
			);
			runOnlyForDeploymentPostprocessing = 0;
		};
/* End PBXFrameworksBuildPhase section */

/* Begin PBXGroup section */
		71FC0FF829FD789100DDF9C2 = {
			isa = PBXGroup;
			children = (
				71FC100329FD789100DDF9C2 /* App_H */,
				71FC101429FD789300DDF9C2 /* App_HTests */,
				71FC101E29FD789300DDF9C2 /* App_HUITests */,
				71FC100229FD789100DDF9C2 /* Products */,
				8E3EC99A29FD8C8D0086FFBA /* Frameworks */,
			);
			sourceTree = "<group>";
		};
		71FC100229FD789100DDF9C2 /* Products */ = {
			isa = PBXGroup;
			children = (
				71FC100129FD789100DDF9C2 /* App_H.app */,
				71FC101129FD789300DDF9C2 /* App_HTests.xctest */,
				71FC101B29FD789300DDF9C2 /* App_HUITests.xctest */,
			);
			name = Products;
			sourceTree = "<group>";
		};
		71FC100329FD789100DDF9C2 /* App_H */ = {
			isa = PBXGroup;
			children = (
				71FC100429FD789100DDF9C2 /* App_HApp.swift */,
				71FC100629FD789100DDF9C2 /* AuthenticationView.swift */,
				8E3EC99829FD89A90086FFBA /* GoogleService-Info.plist */,
				71FC100829FD789300DDF9C2 /* Assets.xcassets */,
				71FC100A29FD789300DDF9C2 /* Preview Content */,
				8E3EC98829FD81860086FFBA /* RegisterEmailView.swift */,
				8E3EC98A29FD81A70086FFBA /* LoginEmailView.swift */,
				8E3EC98C29FD81CE0086FFBA /* DismissView.swift */,
				8E3EC99D29FD8D200086FFBA /* AuthenticationFirebaseDatasource.swift */,
				8E3EC99F29FD8E6D0086FFBA /* AuthenticationRepository.swift */,
				8E3EC9A129FD8ECB0086FFBA /* AuthenticationViewModel.swift */,
				71FC103029FD99CD00DDF9C2 /* newPass.swift */,
				71FC103229FD9E0D00DDF9C2 /* MapView.swift */,
				FE51821929FDA82F00EB99C2 /* LocationManager.swift */,
				71FC103429FDE61200DDF9C2 /* PerfilView.swift */,
				71FC103629FDF49700DDF9C2 /* ZonasView.swift */,
				71FC103A29FE092400DDF9C2 /* DataPersistance.swift */,
				71FC103829FE04DA00DDF9C2 /* ZonasModel.swift */,
				71FC103C29FEE3AD00DDF9C2 /* MapViewBueno.swift */,
				71FC103E29FF146A00DDF9C2 /* LocationView.swift */,
				8E3C8CF22A1D981B00B7006E /* API.swift */,
				8E3C8CF42A1D987400B7006E /* MapViewBueno2.swift */,
				8E3C8CF62A1D98EA00B7006E /* BuscadorView.swift */,
			);
			path = App_H;
			sourceTree = "<group>";
		};
		71FC100A29FD789300DDF9C2 /* Preview Content */ = {
			isa = PBXGroup;
			children = (
				71FC100B29FD789300DDF9C2 /* Preview Assets.xcassets */,
			);
			path = "Preview Content";
			sourceTree = "<group>";
		};
		71FC101429FD789300DDF9C2 /* App_HTests */ = {
			isa = PBXGroup;
			children = (
				71FC101529FD789300DDF9C2 /* App_HTests.swift */,
			);
			path = App_HTests;
			sourceTree = "<group>";
		};
		71FC101E29FD789300DDF9C2 /* App_HUITests */ = {
			isa = PBXGroup;
			children = (
				71FC101F29FD789300DDF9C2 /* App_HUITests.swift */,
				71FC102129FD789300DDF9C2 /* App_HUITestsLaunchTests.swift */,
			);
			path = App_HUITests;
			sourceTree = "<group>";
		};
		8E3EC99A29FD8C8D0086FFBA /* Frameworks */ = {
			isa = PBXGroup;
			children = (
			);
			name = Frameworks;
			sourceTree = "<group>";
		};
/* End PBXGroup section */

/* Begin PBXNativeTarget section */
		71FC100029FD789100DDF9C2 /* App_H */ = {
			isa = PBXNativeTarget;
			buildConfigurationList = 71FC102529FD789300DDF9C2 /* Build configuration list for PBXNativeTarget "App_H" */;
			buildPhases = (
				71FC0FFD29FD789100DDF9C2 /* Sources */,
				71FC0FFE29FD789100DDF9C2 /* Frameworks */,
				71FC0FFF29FD789100DDF9C2 /* Resources */,
			);
			buildRules = (
			);
			dependencies = (
			);
			name = App_H;
			packageProductDependencies = (
				8E3EC99429FD89370086FFBA /* FirebaseAnalytics */,
				8E3EC99629FD89380086FFBA /* FirebaseAnalyticsSwift */,
				8E3EC99B29FD8C8D0086FFBA /* FirebaseAuth */,
				8E3C8CBC29FDEB2700B7006E /* FirebaseDatabase */,
			);
			productName = App_H;
			productReference = 71FC100129FD789100DDF9C2 /* App_H.app */;
			productType = "com.apple.product-type.application";
		};
		71FC101029FD789300DDF9C2 /* App_HTests */ = {
			isa = PBXNativeTarget;
			buildConfigurationList = 71FC102829FD789300DDF9C2 /* Build configuration list for PBXNativeTarget "App_HTests" */;
			buildPhases = (
				71FC100D29FD789300DDF9C2 /* Sources */,
				71FC100E29FD789300DDF9C2 /* Frameworks */,
				71FC100F29FD789300DDF9C2 /* Resources */,
			);
			buildRules = (
			);
			dependencies = (
				71FC101329FD789300DDF9C2 /* PBXTargetDependency */,
			);
			name = App_HTests;
			productName = App_HTests;
			productReference = 71FC101129FD789300DDF9C2 /* App_HTests.xctest */;
			productType = "com.apple.product-type.bundle.unit-test";
		};
		71FC101A29FD789300DDF9C2 /* App_HUITests */ = {
			isa = PBXNativeTarget;
			buildConfigurationList = 71FC102B29FD789300DDF9C2 /* Build configuration list for PBXNativeTarget "App_HUITests" */;
			buildPhases = (
				71FC101729FD789300DDF9C2 /* Sources */,
				71FC101829FD789300DDF9C2 /* Frameworks */,
				71FC101929FD789300DDF9C2 /* Resources */,
			);
			buildRules = (
			);
			dependencies = (
				71FC101D29FD789300DDF9C2 /* PBXTargetDependency */,
			);
			name = App_HUITests;
			productName = App_HUITests;
			productReference = 71FC101B29FD789300DDF9C2 /* App_HUITests.xctest */;
			productType = "com.apple.product-type.bundle.ui-testing";
		};
/* End PBXNativeTarget section */

/* Begin PBXProject section */
		71FC0FF929FD789100DDF9C2 /* Project object */ = {
			isa = PBXProject;
			attributes = {
				BuildIndependentTargetsInParallel = 1;
				LastSwiftUpdateCheck = 1420;
				LastUpgradeCheck = 1420;
				TargetAttributes = {
					71FC100029FD789100DDF9C2 = {
						CreatedOnToolsVersion = 14.2;
					};
					71FC101029FD789300DDF9C2 = {
						CreatedOnToolsVersion = 14.2;
						TestTargetID = 71FC100029FD789100DDF9C2;
					};
					71FC101A29FD789300DDF9C2 = {
						CreatedOnToolsVersion = 14.2;
						TestTargetID = 71FC100029FD789100DDF9C2;
					};
				};
			};
			buildConfigurationList = 71FC0FFC29FD789100DDF9C2 /* Build configuration list for PBXProject "Free Place" */;
			compatibilityVersion = "Xcode 14.0";
			developmentRegion = en;
			hasScannedForEncodings = 0;
			knownRegions = (
				en,
				Base,
			);
			mainGroup = 71FC0FF829FD789100DDF9C2;
			packageReferences = (
				8E3EC99329FD89370086FFBA /* XCRemoteSwiftPackageReference "firebase-ios-sdk" */,
			);
			productRefGroup = 71FC100229FD789100DDF9C2 /* Products */;
			projectDirPath = "";
			projectRoot = "";
			targets = (
				71FC100029FD789100DDF9C2 /* App_H */,
				71FC101029FD789300DDF9C2 /* App_HTests */,
				71FC101A29FD789300DDF9C2 /* App_HUITests */,
			);
		};
/* End PBXProject section */

/* Begin PBXResourcesBuildPhase section */
		71FC0FFF29FD789100DDF9C2 /* Resources */ = {
			isa = PBXResourcesBuildPhase;
			buildActionMask = 2147483647;
			files = (
				71FC100C29FD789300DDF9C2 /* Preview Assets.xcassets in Resources */,
				71FC100929FD789300DDF9C2 /* Assets.xcassets in Resources */,
				8E3EC99929FD89A90086FFBA /* GoogleService-Info.plist in Resources */,
			);
			runOnlyForDeploymentPostprocessing = 0;
		};
		71FC100F29FD789300DDF9C2 /* Resources */ = {
			isa = PBXResourcesBuildPhase;
			buildActionMask = 2147483647;
			files = (
			);
			runOnlyForDeploymentPostprocessing = 0;
		};
		71FC101929FD789300DDF9C2 /* Resources */ = {
			isa = PBXResourcesBuildPhase;
			buildActionMask = 2147483647;
			files = (
			);
			runOnlyForDeploymentPostprocessing = 0;
		};
/* End PBXResourcesBuildPhase section */

/* Begin PBXSourcesBuildPhase section */
		71FC0FFD29FD789100DDF9C2 /* Sources */ = {
			isa = PBXSourcesBuildPhase;
			buildActionMask = 2147483647;
			files = (
				8E3EC98929FD81860086FFBA /* RegisterEmailView.swift in Sources */,
				8E3EC99E29FD8D200086FFBA /* AuthenticationFirebaseDatasource.swift in Sources */,
				8E3EC98D29FD81CE0086FFBA /* DismissView.swift in Sources */,
				8E3C8CF72A1D98EA00B7006E /* BuscadorView.swift in Sources */,
				71FC103929FE04DA00DDF9C2 /* ZonasModel.swift in Sources */,
				FE51821A29FDA82F00EB99C2 /* LocationManager.swift in Sources */,
				71FC103729FDF49700DDF9C2 /* ZonasView.swift in Sources */,
				71FC103F29FF146A00DDF9C2 /* LocationView.swift in Sources */,
				71FC103529FDE61200DDF9C2 /* PerfilView.swift in Sources */,
				8E3C8CF52A1D987400B7006E /* MapViewBueno2.swift in Sources */,
				71FC103129FD99CD00DDF9C2 /* newPass.swift in Sources */,
				71FC100729FD789100DDF9C2 /* AuthenticationView.swift in Sources */,
				8E3EC9A229FD8ECC0086FFBA /* AuthenticationViewModel.swift in Sources */,
				71FC100529FD789100DDF9C2 /* App_HApp.swift in Sources */,
				71FC103B29FE092400DDF9C2 /* DataPersistance.swift in Sources */,
				71FC103329FD9E0D00DDF9C2 /* MapView.swift in Sources */,
				8E3EC98B29FD81A70086FFBA /* LoginEmailView.swift in Sources */,
				8E3EC9A029FD8E6D0086FFBA /* AuthenticationRepository.swift in Sources */,
				8E3C8CF32A1D981B00B7006E /* API.swift in Sources */,
				71FC103D29FEE3AD00DDF9C2 /* MapViewBueno.swift in Sources */,
			);
			runOnlyForDeploymentPostprocessing = 0;
		};
		71FC100D29FD789300DDF9C2 /* Sources */ = {
			isa = PBXSourcesBuildPhase;
			buildActionMask = 2147483647;
			files = (
				71FC101629FD789300DDF9C2 /* App_HTests.swift in Sources */,
			);
			runOnlyForDeploymentPostprocessing = 0;
		};
		71FC101729FD789300DDF9C2 /* Sources */ = {
			isa = PBXSourcesBuildPhase;
			buildActionMask = 2147483647;
			files = (
				71FC102029FD789300DDF9C2 /* App_HUITests.swift in Sources */,
				71FC102229FD789300DDF9C2 /* App_HUITestsLaunchTests.swift in Sources */,
			);
			runOnlyForDeploymentPostprocessing = 0;
		};
/* End PBXSourcesBuildPhase section */

/* Begin PBXTargetDependency section */
		71FC101329FD789300DDF9C2 /* PBXTargetDependency */ = {
			isa = PBXTargetDependency;
			target = 71FC100029FD789100DDF9C2 /* App_H */;
			targetProxy = 71FC101229FD789300DDF9C2 /* PBXContainerItemProxy */;
		};
		71FC101D29FD789300DDF9C2 /* PBXTargetDependency */ = {
			isa = PBXTargetDependency;
			target = 71FC100029FD789100DDF9C2 /* App_H */;
			targetProxy = 71FC101C29FD789300DDF9C2 /* PBXContainerItemProxy */;
		};
/* End PBXTargetDependency section */

/* Begin XCBuildConfiguration section */
		71FC102329FD789300DDF9C2 /* Debug */ = {
			isa = XCBuildConfiguration;
			buildSettings = {
				ALWAYS_SEARCH_USER_PATHS = NO;
				CLANG_ANALYZER_NONNULL = YES;
				CLANG_ANALYZER_NUMBER_OBJECT_CONVERSION = YES_AGGRESSIVE;
				CLANG_CXX_LANGUAGE_STANDARD = "gnu++20";
				CLANG_ENABLE_MODULES = YES;
				CLANG_ENABLE_OBJC_ARC = YES;
				CLANG_ENABLE_OBJC_WEAK = YES;
				CLANG_WARN_BLOCK_CAPTURE_AUTORELEASING = YES;
				CLANG_WARN_BOOL_CONVERSION = YES;
				CLANG_WARN_COMMA = YES;
				CLANG_WARN_CONSTANT_CONVERSION = YES;
				CLANG_WARN_DEPRECATED_OBJC_IMPLEMENTATIONS = YES;
				CLANG_WARN_DIRECT_OBJC_ISA_USAGE = YES_ERROR;
				CLANG_WARN_DOCUMENTATION_COMMENTS = YES;
				CLANG_WARN_EMPTY_BODY = YES;
				CLANG_WARN_ENUM_CONVERSION = YES;
				CLANG_WARN_INFINITE_RECURSION = YES;
				CLANG_WARN_INT_CONVERSION = YES;
				CLANG_WARN_NON_LITERAL_NULL_CONVERSION = YES;
				CLANG_WARN_OBJC_IMPLICIT_RETAIN_SELF = YES;
				CLANG_WARN_OBJC_LITERAL_CONVERSION = YES;
				CLANG_WARN_OBJC_ROOT_CLASS = YES_ERROR;
				CLANG_WARN_QUOTED_INCLUDE_IN_FRAMEWORK_HEADER = YES;
				CLANG_WARN_RANGE_LOOP_ANALYSIS = YES;
				CLANG_WARN_STRICT_PROTOTYPES = YES;
				CLANG_WARN_SUSPICIOUS_MOVE = YES;
				CLANG_WARN_UNGUARDED_AVAILABILITY = YES_AGGRESSIVE;
				CLANG_WARN_UNREACHABLE_CODE = YES;
				CLANG_WARN__DUPLICATE_METHOD_MATCH = YES;
				COPY_PHASE_STRIP = NO;
				DEBUG_INFORMATION_FORMAT = dwarf;
				ENABLE_STRICT_OBJC_MSGSEND = YES;
				ENABLE_TESTABILITY = YES;
				GCC_C_LANGUAGE_STANDARD = gnu11;
				GCC_DYNAMIC_NO_PIC = NO;
				GCC_NO_COMMON_BLOCKS = YES;
				GCC_OPTIMIZATION_LEVEL = 0;
				GCC_PREPROCESSOR_DEFINITIONS = (
					"DEBUG=1",
					"$(inherited)",
				);
				GCC_WARN_64_TO_32_BIT_CONVERSION = YES;
				GCC_WARN_ABOUT_RETURN_TYPE = YES_ERROR;
				GCC_WARN_UNDECLARED_SELECTOR = YES;
				GCC_WARN_UNINITIALIZED_AUTOS = YES_AGGRESSIVE;
				GCC_WARN_UNUSED_FUNCTION = YES;
				GCC_WARN_UNUSED_VARIABLE = YES;
				IPHONEOS_DEPLOYMENT_TARGET = 16.2;
				MTL_ENABLE_DEBUG_INFO = INCLUDE_SOURCE;
				MTL_FAST_MATH = YES;
				ONLY_ACTIVE_ARCH = YES;
				SDKROOT = iphoneos;
				SWIFT_ACTIVE_COMPILATION_CONDITIONS = DEBUG;
				SWIFT_OPTIMIZATION_LEVEL = "-Onone";
			};
			name = Debug;
		};
		71FC102429FD789300DDF9C2 /* Release */ = {
			isa = XCBuildConfiguration;
			buildSettings = {
				ALWAYS_SEARCH_USER_PATHS = NO;
				CLANG_ANALYZER_NONNULL = YES;
				CLANG_ANALYZER_NUMBER_OBJECT_CONVERSION = YES_AGGRESSIVE;
				CLANG_CXX_LANGUAGE_STANDARD = "gnu++20";
				CLANG_ENABLE_MODULES = YES;
				CLANG_ENABLE_OBJC_ARC = YES;
				CLANG_ENABLE_OBJC_WEAK = YES;
				CLANG_WARN_BLOCK_CAPTURE_AUTORELEASING = YES;
				CLANG_WARN_BOOL_CONVERSION = YES;
				CLANG_WARN_COMMA = YES;
				CLANG_WARN_CONSTANT_CONVERSION = YES;
				CLANG_WARN_DEPRECATED_OBJC_IMPLEMENTATIONS = YES;
				CLANG_WARN_DIRECT_OBJC_ISA_USAGE = YES_ERROR;
				CLANG_WARN_DOCUMENTATION_COMMENTS = YES;
				CLANG_WARN_EMPTY_BODY = YES;
				CLANG_WARN_ENUM_CONVERSION = YES;
				CLANG_WARN_INFINITE_RECURSION = YES;
				CLANG_WARN_INT_CONVERSION = YES;
				CLANG_WARN_NON_LITERAL_NULL_CONVERSION = YES;
				CLANG_WARN_OBJC_IMPLICIT_RETAIN_SELF = YES;
				CLANG_WARN_OBJC_LITERAL_CONVERSION = YES;
				CLANG_WARN_OBJC_ROOT_CLASS = YES_ERROR;
				CLANG_WARN_QUOTED_INCLUDE_IN_FRAMEWORK_HEADER = YES;
				CLANG_WARN_RANGE_LOOP_ANALYSIS = YES;
				CLANG_WARN_STRICT_PROTOTYPES = YES;
				CLANG_WARN_SUSPICIOUS_MOVE = YES;
				CLANG_WARN_UNGUARDED_AVAILABILITY = YES_AGGRESSIVE;
				CLANG_WARN_UNREACHABLE_CODE = YES;
				CLANG_WARN__DUPLICATE_METHOD_MATCH = YES;
				COPY_PHASE_STRIP = NO;
				DEBUG_INFORMATION_FORMAT = "dwarf-with-dsym";
				ENABLE_NS_ASSERTIONS = NO;
				ENABLE_STRICT_OBJC_MSGSEND = YES;
				GCC_C_LANGUAGE_STANDARD = gnu11;
				GCC_NO_COMMON_BLOCKS = YES;
				GCC_WARN_64_TO_32_BIT_CONVERSION = YES;
				GCC_WARN_ABOUT_RETURN_TYPE = YES_ERROR;
				GCC_WARN_UNDECLARED_SELECTOR = YES;
				GCC_WARN_UNINITIALIZED_AUTOS = YES_AGGRESSIVE;
				GCC_WARN_UNUSED_FUNCTION = YES;
				GCC_WARN_UNUSED_VARIABLE = YES;
				IPHONEOS_DEPLOYMENT_TARGET = 16.2;
				MTL_ENABLE_DEBUG_INFO = NO;
				MTL_FAST_MATH = YES;
				SDKROOT = iphoneos;
				SWIFT_COMPILATION_MODE = wholemodule;
				SWIFT_OPTIMIZATION_LEVEL = "-O";
				VALIDATE_PRODUCT = YES;
			};
			name = Release;
		};
		71FC102629FD789300DDF9C2 /* Debug */ = {
			isa = XCBuildConfiguration;
			buildSettings = {
				ASSETCATALOG_COMPILER_APPICON_NAME = AppIcon;
				ASSETCATALOG_COMPILER_GLOBAL_ACCENT_COLOR_NAME = AccentColor;
				CODE_SIGN_STYLE = Automatic;
				CURRENT_PROJECT_VERSION = 1;
				DEVELOPMENT_ASSET_PATHS = "\"App_H/Preview Content\"";
				ENABLE_PREVIEWS = YES;
				GENERATE_INFOPLIST_FILE = YES;
				INFOPLIST_KEY_NSLocationWhenInUseUsageDescription = "Free Place necesita acceder a tu ubicación";
				INFOPLIST_KEY_UIApplicationSceneManifest_Generation = YES;
				INFOPLIST_KEY_UIApplicationSupportsIndirectInputEvents = YES;
				INFOPLIST_KEY_UILaunchScreen_Generation = YES;
				INFOPLIST_KEY_UISupportedInterfaceOrientations_iPad = "UIInterfaceOrientationPortrait UIInterfaceOrientationPortraitUpsideDown UIInterfaceOrientationLandscapeLeft UIInterfaceOrientationLandscapeRight";
				INFOPLIST_KEY_UISupportedInterfaceOrientations_iPhone = "UIInterfaceOrientationPortrait UIInterfaceOrientationLandscapeLeft UIInterfaceOrientationLandscapeRight";
				LD_RUNPATH_SEARCH_PATHS = (
					"$(inherited)",
					"@executable_path/Frameworks",
				);
				MARKETING_VERSION = 1.0;
				PRODUCT_BUNDLE_IDENTIFIER = "Parcial1-0236968.App-H";
				PRODUCT_NAME = "$(TARGET_NAME)";
				SWIFT_EMIT_LOC_STRINGS = YES;
				SWIFT_VERSION = 5.0;
				TARGETED_DEVICE_FAMILY = "1,2";
			};
			name = Debug;
		};
		71FC102729FD789300DDF9C2 /* Release */ = {
			isa = XCBuildConfiguration;
			buildSettings = {
				ASSETCATALOG_COMPILER_APPICON_NAME = AppIcon;
				ASSETCATALOG_COMPILER_GLOBAL_ACCENT_COLOR_NAME = AccentColor;
				CODE_SIGN_STYLE = Automatic;
				CURRENT_PROJECT_VERSION = 1;
				DEVELOPMENT_ASSET_PATHS = "\"App_H/Preview Content\"";
				ENABLE_PREVIEWS = YES;
				GENERATE_INFOPLIST_FILE = YES;
				INFOPLIST_KEY_NSLocationWhenInUseUsageDescription = "Free Place necesita acceder a tu ubicación";
				INFOPLIST_KEY_UIApplicationSceneManifest_Generation = YES;
				INFOPLIST_KEY_UIApplicationSupportsIndirectInputEvents = YES;
				INFOPLIST_KEY_UILaunchScreen_Generation = YES;
				INFOPLIST_KEY_UISupportedInterfaceOrientations_iPad = "UIInterfaceOrientationPortrait UIInterfaceOrientationPortraitUpsideDown UIInterfaceOrientationLandscapeLeft UIInterfaceOrientationLandscapeRight";
				INFOPLIST_KEY_UISupportedInterfaceOrientations_iPhone = "UIInterfaceOrientationPortrait UIInterfaceOrientationLandscapeLeft UIInterfaceOrientationLandscapeRight";
				LD_RUNPATH_SEARCH_PATHS = (
					"$(inherited)",
					"@executable_path/Frameworks",
				);
				MARKETING_VERSION = 1.0;
				PRODUCT_BUNDLE_IDENTIFIER = "Parcial1-0236968.App-H";
				PRODUCT_NAME = "$(TARGET_NAME)";
				SWIFT_EMIT_LOC_STRINGS = YES;
				SWIFT_VERSION = 5.0;
				TARGETED_DEVICE_FAMILY = "1,2";
			};
			name = Release;
		};
		71FC102929FD789300DDF9C2 /* Debug */ = {
			isa = XCBuildConfiguration;
			buildSettings = {
				ALWAYS_EMBED_SWIFT_STANDARD_LIBRARIES = YES;
				BUNDLE_LOADER = "$(TEST_HOST)";
				CODE_SIGN_STYLE = Automatic;
				CURRENT_PROJECT_VERSION = 1;
				GENERATE_INFOPLIST_FILE = YES;
				IPHONEOS_DEPLOYMENT_TARGET = 16.2;
				MARKETING_VERSION = 1.0;
				PRODUCT_BUNDLE_IDENTIFIER = "Parcial1-0236968.App-HTests";
				PRODUCT_NAME = "$(TARGET_NAME)";
				SWIFT_EMIT_LOC_STRINGS = NO;
				SWIFT_VERSION = 5.0;
				TARGETED_DEVICE_FAMILY = "1,2";
				TEST_HOST = "$(BUILT_PRODUCTS_DIR)/App_H.app/$(BUNDLE_EXECUTABLE_FOLDER_PATH)/App_H";
			};
			name = Debug;
		};
		71FC102A29FD789300DDF9C2 /* Release */ = {
			isa = XCBuildConfiguration;
			buildSettings = {
				ALWAYS_EMBED_SWIFT_STANDARD_LIBRARIES = YES;
				BUNDLE_LOADER = "$(TEST_HOST)";
				CODE_SIGN_STYLE = Automatic;
				CURRENT_PROJECT_VERSION = 1;
				GENERATE_INFOPLIST_FILE = YES;
				IPHONEOS_DEPLOYMENT_TARGET = 16.2;
				MARKETING_VERSION = 1.0;
				PRODUCT_BUNDLE_IDENTIFIER = "Parcial1-0236968.App-HTests";
				PRODUCT_NAME = "$(TARGET_NAME)";
				SWIFT_EMIT_LOC_STRINGS = NO;
				SWIFT_VERSION = 5.0;
				TARGETED_DEVICE_FAMILY = "1,2";
				TEST_HOST = "$(BUILT_PRODUCTS_DIR)/App_H.app/$(BUNDLE_EXECUTABLE_FOLDER_PATH)/App_H";
			};
			name = Release;
		};
		71FC102C29FD789300DDF9C2 /* Debug */ = {
			isa = XCBuildConfiguration;
			buildSettings = {
				ALWAYS_EMBED_SWIFT_STANDARD_LIBRARIES = YES;
				CODE_SIGN_STYLE = Automatic;
				CURRENT_PROJECT_VERSION = 1;
				GENERATE_INFOPLIST_FILE = YES;
				MARKETING_VERSION = 1.0;
				PRODUCT_BUNDLE_IDENTIFIER = "Parcial1-0236968.App-HUITests";
				PRODUCT_NAME = "$(TARGET_NAME)";
				SWIFT_EMIT_LOC_STRINGS = NO;
				SWIFT_VERSION = 5.0;
				TARGETED_DEVICE_FAMILY = "1,2";
				TEST_TARGET_NAME = App_H;
			};
			name = Debug;
		};
		71FC102D29FD789300DDF9C2 /* Release */ = {
			isa = XCBuildConfiguration;
			buildSettings = {
				ALWAYS_EMBED_SWIFT_STANDARD_LIBRARIES = YES;
				CODE_SIGN_STYLE = Automatic;
				CURRENT_PROJECT_VERSION = 1;
				GENERATE_INFOPLIST_FILE = YES;
				MARKETING_VERSION = 1.0;
				PRODUCT_BUNDLE_IDENTIFIER = "Parcial1-0236968.App-HUITests";
				PRODUCT_NAME = "$(TARGET_NAME)";
				SWIFT_EMIT_LOC_STRINGS = NO;
				SWIFT_VERSION = 5.0;
				TARGETED_DEVICE_FAMILY = "1,2";
				TEST_TARGET_NAME = App_H;
			};
			name = Release;
		};
/* End XCBuildConfiguration section */

/* Begin XCConfigurationList section */
		71FC0FFC29FD789100DDF9C2 /* Build configuration list for PBXProject "Free Place" */ = {
			isa = XCConfigurationList;
			buildConfigurations = (
				71FC102329FD789300DDF9C2 /* Debug */,
				71FC102429FD789300DDF9C2 /* Release */,
			);
			defaultConfigurationIsVisible = 0;
			defaultConfigurationName = Release;
		};
		71FC102529FD789300DDF9C2 /* Build configuration list for PBXNativeTarget "App_H" */ = {
			isa = XCConfigurationList;
			buildConfigurations = (
				71FC102629FD789300DDF9C2 /* Debug */,
				71FC102729FD789300DDF9C2 /* Release */,
			);
			defaultConfigurationIsVisible = 0;
			defaultConfigurationName = Release;
		};
		71FC102829FD789300DDF9C2 /* Build configuration list for PBXNativeTarget "App_HTests" */ = {
			isa = XCConfigurationList;
			buildConfigurations = (
				71FC102929FD789300DDF9C2 /* Debug */,
				71FC102A29FD789300DDF9C2 /* Release */,
			);
			defaultConfigurationIsVisible = 0;
			defaultConfigurationName = Release;
		};
		71FC102B29FD789300DDF9C2 /* Build configuration list for PBXNativeTarget "App_HUITests" */ = {
			isa = XCConfigurationList;
			buildConfigurations = (
				71FC102C29FD789300DDF9C2 /* Debug */,
				71FC102D29FD789300DDF9C2 /* Release */,
			);
			defaultConfigurationIsVisible = 0;
			defaultConfigurationName = Release;
		};
/* End XCConfigurationList section */

/* Begin XCRemoteSwiftPackageReference section */
		8E3EC99329FD89370086FFBA /* XCRemoteSwiftPackageReference "firebase-ios-sdk" */ = {
			isa = XCRemoteSwiftPackageReference;
			repositoryURL = "https://github.com/firebase/firebase-ios-sdk";
			requirement = {
				branch = master;
				kind = branch;
			};
		};
/* End XCRemoteSwiftPackageReference section */

/* Begin XCSwiftPackageProductDependency section */
		8E3C8CBC29FDEB2700B7006E /* FirebaseDatabase */ = {
			isa = XCSwiftPackageProductDependency;
			package = 8E3EC99329FD89370086FFBA /* XCRemoteSwiftPackageReference "firebase-ios-sdk" */;
			productName = FirebaseDatabase;
		};
		8E3EC99429FD89370086FFBA /* FirebaseAnalytics */ = {
			isa = XCSwiftPackageProductDependency;
			package = 8E3EC99329FD89370086FFBA /* XCRemoteSwiftPackageReference "firebase-ios-sdk" */;
			productName = FirebaseAnalytics;
		};
		8E3EC99629FD89380086FFBA /* FirebaseAnalyticsSwift */ = {
			isa = XCSwiftPackageProductDependency;
			package = 8E3EC99329FD89370086FFBA /* XCRemoteSwiftPackageReference "firebase-ios-sdk" */;
			productName = FirebaseAnalyticsSwift;
		};
		8E3EC99B29FD8C8D0086FFBA /* FirebaseAuth */ = {
			isa = XCSwiftPackageProductDependency;
			package = 8E3EC99329FD89370086FFBA /* XCRemoteSwiftPackageReference "firebase-ios-sdk" */;
			productName = FirebaseAuth;
		};
/* End XCSwiftPackageProductDependency section */
	};
	rootObject = 71FC0FF929FD789100DDF9C2 /* Project object */;
}
